
Microsoft Visual Studio Solution File, Format Version 12.00
# Visual Studio Version 17
VisualStudioVersion = 17.14.36623.8 d17.14
MinimumVisualStudioVersion = 10.0.40219.1
Project("{FAE04EC0-301F-11D3-BF4B-00C04F79EFBC}") = "RAD_LAB4_MVC", "RAD_LAB4_MVC\RAD_LAB4_MVC.csproj", "{44CFBC5E-03D4-4E38-8FBD-5EAF97EF37F5}"
EndProject
Global
	GlobalSection(SolutionConfigurationPlatforms) = preSolution
		Debug|Any CPU = Debug|Any CPU
		Release|Any CPU = Release|Any CPU
	EndGlobalSection
	GlobalSection(ProjectConfigurationPlatforms) = postSolution
		{44CFBC5E-03D4-4E38-8FBD-5EAF97EF37F5}.Debug|Any CPU.ActiveCfg = Debug|Any CPU
		{44CFBC5E-03D4-4E38-8FBD-5EAF97EF37F5}.Debug|Any CPU.Build.0 = Debug|Any CPU
		{44CFBC5E-03D4-4E38-8FBD-5EAF97EF37F5}.Release|Any CPU.ActiveCfg = Release|Any CPU
		{44CFBC5E-03D4-4E38-8FBD-5EAF97EF37F5}.Release|Any CPU.Build.0 = Release|Any CPU
	EndGlobalSection
	GlobalSection(SolutionProperties) = preSolution
		HideSolutionNode = FALSE
	EndGlobalSection
	GlobalSection(ExtensibilityGlobals) = postSolution
		SolutionGuid = {F7A10E58-A4CF-423C-B936-DFBDE224F148}
	EndGlobalSection
EndGlobal
